<?xml version="1.0" encoding="utf-8"?>
<Project ToolsVersion="4.0" xmlns="http://schemas.microsoft.com/developer/msbuild/2003">
  <ItemGroup>
    <ClCompile Include="$(MSBuildThisFileDirectory)src\EntryPoint_Headless.cpp">
      <Filter>backends\entrypoint</Filter>
    </ClCompile>
    <ClCompile Include="$(MSBuildThisFileDirectory)src\EntryPoint_Wasm.cpp">
      <Filter>backends\entrypoint</Filter>
    </ClCompile>
    <ClCompile Include="$(MSBuildThisFileDirectory)src\EntryPoint_Win32.cpp">
      <Filter>backends\entrypoint</Filter>
    </ClCompile>
    <ClCompile Include="$(MSBuildThisFileDirectory)src\EntryPoint_X11.cpp">
      <Filter>backends\entrypoint</Filter>
    </ClCompile>
    <ClCompile Include="$(MSBuildThisFileDirectory)src\EntryPoint.cpp">
      <Filter>core</Filter>
    </ClCompile>
    <ClCompile Include="$(MSBuildThisFileDirectory)src\LoadSave.cpp">
      <Filter>core\scene</Filter>
    </ClCompile>
    <ClCompile Include="$(MSBuildThisFileDirectory)src\EventSystem.cpp">
      <Filter>core\events</Filter>
    </ClCompile>
    <ClCompile Include="$(MSBuildThisFileDirectory)src\UI_Button.cpp">
      <Filter>core\ui</Filter>
    </ClCompile>
    <ClCompile Include="$(MSBuildThisFileDirectory)src\UI_Manager.cpp">
      <Filter>core\ui</Filter>
    </ClCompile>
    <ClCompile Include="$(MSBuildThisFileDirectory)src\ImageLoader.cpp">
      <Filter>core\texture</Filter>
    </ClCompile>
    <ClCompile Include="$(MSBuildThisFileDirectory)src\Engine.cpp">
      <Filter>core</Filter>
    </ClCompile>
    <ClCompile Include="$(MSBuildThisFileDirectory)src\StringUtils.cpp">
      <Filter>core\support\platform</Filter>
    </ClCompile>
    <ClCompile Include="$(MSBuildThisFileDirectory)src\Texture_OpenGL.h">
      <Filter>backends\rendering\OpenGL\GLFW\OpenGL</Filter>
    </ClCompile>
    <ClCompile Include="$(MSBuildThisFileDirectory)src\SDL3Context.cpp">
      <Filter>backends\rendering\SDL %28opengl%29</Filter>
    </ClCompile>
    <ClCompile Include="$(MSBuildThisFileDirectory)src\ContextFunctions.cpp">
      <Filter>backends\rendering</Filter>
    </ClCompile>
    <ClCompile Include="$(MSBuildThisFileDirectory)src\GLFWContext.cpp">
      <Filter>backends\rendering\OpenGL\GLFW</Filter>
    </ClCompile>
  </ItemGroup>
  <ItemGroup>
    <ClInclude Include="$(MSBuildThisFileDirectory)src\WaitFreeQueue.h">
      <Filter>core\threading</Filter>
    </ClInclude>
    <ClInclude Include="$(MSBuildThisFileDirectory)src\ThreadPool.h">
      <Filter>core\threading</Filter>
    </ClInclude>
    <ClInclude Include="$(MSBuildThisFileDirectory)src\Coroutine.h">
      <Filter>core\threading</Filter>
    </ClInclude>
    <ClInclude Include="$(MSBuildThisFileDirectory)src\EntryPoint_Android.h">
      <Filter>backends\entrypoint</Filter>
    </ClInclude>
    <ClInclude Include="$(MSBuildThisFileDirectory)src\EntryPoint_Headless.h">
      <Filter>backends\entrypoint</Filter>
    </ClInclude>
    <ClInclude Include="$(MSBuildThisFileDirectory)src\EntryPoint_Wasm.h">
      <Filter>backends\entrypoint</Filter>
    </ClInclude>
    <ClInclude Include="$(MSBuildThisFileDirectory)src\EntryPoint_Win32.h">
      <Filter>backends\entrypoint</Filter>
    </ClInclude>
    <ClInclude Include="$(MSBuildThisFileDirectory)src\EntryPoint_X11.h">
      <Filter>backends\entrypoint</Filter>
    </ClInclude>
    <ClInclude Include="$(MSBuildThisFileDirectory)src\Entity.h">
      <Filter>core\ecs</Filter>
    </ClInclude>
    <ClInclude Include="$(MSBuildThisFileDirectory)src\EntityComponentSystem.h">
      <Filter>core\ecs</Filter>
    </ClInclude>
    <ClInclude Include="$(MSBuildThisFileDirectory)src\Components.h">
      <Filter>core\ecs</Filter>
    </ClInclude>
    <ClInclude Include="$(MSBuildThisFileDirectory)src\ComponentManager.h">
      <Filter>core\ecs</Filter>
    </ClInclude>
    <ClInclude Include="$(MSBuildThisFileDirectory)src\MovementEvent.h">
      <Filter>core\events</Filter>
    </ClInclude>
    <ClInclude Include="$(MSBuildThisFileDirectory)src\PhysicsSystem2D.h">
      <Filter>core\physics</Filter>
    </ClInclude>
    <ClInclude Include="$(MSBuildThisFileDirectory)src\SceneSnapshot.h">
      <Filter>core\scene</Filter>
    </ClInclude>
    <ClInclude Include="$(MSBuildThisFileDirectory)src\Scene.h">
      <Filter>core\scene</Filter>
    </ClInclude>
    <ClInclude Include="$(MSBuildThisFileDirectory)src\EntryPoint.h">
      <Filter>core</Filter>
    </ClInclude>
    <ClInclude Include="$(MSBuildThisFileDirectory)src\almondshell">
      <Filter>core</Filter>
    </ClInclude>
    <ClInclude Include="$(MSBuildThisFileDirectory)src\LoadSave.h">
      <Filter>core\scene</Filter>
    </ClInclude>
    <ClInclude Include="$(MSBuildThisFileDirectory)src\PluginManager.h">
      <Filter>core\plugins</Filter>
    </ClInclude>
    <ClInclude Include="$(MSBuildThisFileDirectory)src\AsyncPluginManager.h">
      <Filter>core\plugins</Filter>
    </ClInclude>
    <ClInclude Include="$(MSBuildThisFileDirectory)src\PluginConcept.h">
      <Filter>core\plugins</Filter>
    </ClInclude>
    <ClInclude Include="$(MSBuildThisFileDirectory)src\EventSystem.h">
      <Filter>core\events</Filter>
    </ClInclude>
    <ClInclude Include="$(MSBuildThisFileDirectory)src\UI_Button.h">
      <Filter>core\ui</Filter>
    </ClInclude>
    <ClInclude Include="$(MSBuildThisFileDirectory)src\UI_Manager.h">
      <Filter>core\ui</Filter>
    </ClInclude>
    <ClInclude Include="$(MSBuildThisFileDirectory)src\IPlugin.h">
      <Filter>core\plugins</Filter>
    </ClInclude>
    <ClInclude Include="$(MSBuildThisFileDirectory)src\framework.h">
      <Filter>core\support\platform</Filter>
    </ClInclude>
    <ClInclude Include="$(MSBuildThisFileDirectory)src\Types_Win32.h">
      <Filter>core\support\platform</Filter>
    </ClInclude>
    <ClInclude Include="$(MSBuildThisFileDirectory)src\Types_Posix.h">
      <Filter>core\support\platform</Filter>
    </ClInclude>
    <ClInclude Include="$(MSBuildThisFileDirectory)src\Types.h">
      <Filter>core\support\platform</Filter>
    </ClInclude>
    <ClInclude Include="$(MSBuildThisFileDirectory)src\Utilities.h">
      <Filter>core\support\platform</Filter>
    </ClInclude>
    <ClInclude Include="$(MSBuildThisFileDirectory)src\Texture.h">
      <Filter>core\texture</Filter>
    </ClInclude>
    <ClInclude Include="$(MSBuildThisFileDirectory)src\ImageLoader.h">
      <Filter>core\texture</Filter>
    </ClInclude>
    <ClInclude Include="$(MSBuildThisFileDirectory)src\Engine.h">
      <Filter>core</Filter>
    </ClInclude>
    <ClInclude Include="$(MSBuildThisFileDirectory)src\almondversion.h">
      <Filter>core</Filter>
    </ClInclude>
    <ClInclude Include="$(MSBuildThisFileDirectory)src\TimeKeeper.h">
      <Filter>core\support</Filter>
    </ClInclude>
    <ClInclude Include="$(MSBuildThisFileDirectory)src\Exports_DLL.h">
      <Filter>core\support\platform</Filter>
    </ClInclude>
    <ClInclude Include="$(MSBuildThisFileDirectory)src\InputSystem.h">
      <Filter>core\support</Filter>
    </ClInclude>
    <ClInclude Include="$(MSBuildThisFileDirectory)src\Logger.h">
      <Filter>core\support</Filter>
    </ClInclude>
    <ClInclude Include="$(MSBuildThisFileDirectory)src\StringUtils.h">
      <Filter>core\support\platform</Filter>
    </ClInclude>
    <ClInclude Include="$(MSBuildThisFileDirectory)src\SDL3Context.h">
      <Filter>backends\rendering\SDL %28opengl%29</Filter>
    </ClInclude>
    <ClInclude Include="$(MSBuildThisFileDirectory)src\ContextFunctions.h">
      <Filter>backends\rendering</Filter>
    </ClInclude>
    <ClInclude Include="$(MSBuildThisFileDirectory)src\GLFWContext.h">
      <Filter>backends\rendering\OpenGL\GLFW</Filter>
    </ClInclude>
    <ClInclude Include="$(MSBuildThisFileDirectory)src\EngineConfig.h">
      <Filter>core</Filter>
    </ClInclude>
    <ClInclude Include="$(MSBuildThisFileDirectory)src\SDLGameOfLife.h">
      <Filter>backends\rendering\SDL %28opengl%29</Filter>
    </ClInclude>
    <ClInclude Include="$(MSBuildThisFileDirectory)src\SDLSandSim.h">
      <Filter>backends\rendering\SDL %28opengl%29</Filter>
    </ClInclude>
    <ClInclude Include="$(MSBuildThisFileDirectory)src\SDLSnake.h">
      <Filter>backends\rendering\SDL %28opengl%29</Filter>
    </ClInclude>
  </ItemGroup>
  <ItemGroup>
    <Filter Include="core">
      <UniqueIdentifier>{b0c6699b-d2b1-4f19-b3eb-a51c162a27fa}</UniqueIdentifier>
    </Filter>
    <Filter Include="backends">
      <UniqueIdentifier>{247a77d6-3647-472b-ae16-d307e7382399}</UniqueIdentifier>
    </Filter>
    <Filter Include="backends\entrypoint">
      <UniqueIdentifier>{8da98cba-19ca-4dab-9da1-3955c9595fae}</UniqueIdentifier>
    </Filter>
    <Filter Include="backends\audio">
      <UniqueIdentifier>{58604bdc-41a6-4be6-b3a0-6b3e33894c29}</UniqueIdentifier>
    </Filter>
    <Filter Include="backends\rendering">
      <UniqueIdentifier>{9240a798-acfc-42bd-9c72-85c4ca64c915}</UniqueIdentifier>
    </Filter>
    <Filter Include="core\texture">
      <UniqueIdentifier>{b00bea93-02a2-4719-a9f1-84bd92a1670e}</UniqueIdentifier>
    </Filter>
    <Filter Include="core\support">
      <UniqueIdentifier>{692e627f-253e-4af2-836d-f60a0fab7a17}</UniqueIdentifier>
    </Filter>
    <Filter Include="backends\rendering\SDL %28opengl%29">
      <UniqueIdentifier>{d9873bf7-5242-4728-b4df-c1affced17b3}</UniqueIdentifier>
    </Filter>
    <Filter Include="core\ecs">
      <UniqueIdentifier>{05892b79-aa9c-4ae1-8a30-3c2c3d110730}</UniqueIdentifier>
    </Filter>
    <Filter Include="core\events">
      <UniqueIdentifier>{0a7b7474-0175-4439-9a91-cfb876973539}</UniqueIdentifier>
    </Filter>
    <Filter Include="core\physics">
      <UniqueIdentifier>{3a760668-3ffc-4b16-8e38-7017dc70ff2e}</UniqueIdentifier>
    </Filter>
    <Filter Include="core\plugins">
      <UniqueIdentifier>{7e32bc90-e2e3-4957-8209-e268579b2183}</UniqueIdentifier>
    </Filter>
    <Filter Include="core\scene">
      <UniqueIdentifier>{d172e931-cada-4c75-a3a8-a55115caac52}</UniqueIdentifier>
    </Filter>
    <Filter Include="core\ui">
      <UniqueIdentifier>{380cb480-3c8a-4316-a202-01c794910e9f}</UniqueIdentifier>
    </Filter>
    <Filter Include="core\threading">
      <UniqueIdentifier>{33b5f5e3-44f3-460a-8a51-bbfd86b7bd3d}</UniqueIdentifier>
    </Filter>
    <Filter Include="core\support\platform">
      <UniqueIdentifier>{4f851def-2008-489f-bbd4-5757a7130558}</UniqueIdentifier>
    </Filter>
    <Filter Include="backends\rendering\OpenGL">
      <UniqueIdentifier>{efd86590-1dec-4f11-b1f5-e026395f7afb}</UniqueIdentifier>
    </Filter>
    <Filter Include="backends\rendering\OpenGL\GLFW">
      <UniqueIdentifier>{7abf59a9-2b87-456a-be01-16c0da681370}</UniqueIdentifier>
    </Filter>
    <Filter Include="backends\rendering\OpenGL\GLFW\OpenGL">
      <UniqueIdentifier>{c1f1b0e9-6f04-440f-96de-3f4b0fbb08d7}</UniqueIdentifier>
    </Filter>
    <Filter Include="backends\rendering\OpenGL\GLFW\OpenGL\shaders">
      <UniqueIdentifier>{8a78979a-8cec-41c6-998a-107d70fec6c5}</UniqueIdentifier>
    </Filter>
  </ItemGroup>
  <ItemGroup>
    <Text Include="$(MSBuildThisFileDirectory)..\CMakeLists.txt" />
  </ItemGroup>
  <ItemGroup>
    <None Include="$(MSBuildThisFileDirectory)shaders\fragment_shader.glsl">
      <Filter>backends\rendering\OpenGL\GLFW\OpenGL\shaders</Filter>
    </None>
    <None Include="$(MSBuildThisFileDirectory)shaders\vertex_shader.glsl">
      <Filter>backends\rendering\OpenGL\GLFW\OpenGL\shaders</Filter>
    </None>
  </ItemGroup>
</Project>